
Microsoft Visual Studio Solution File, Format Version 12.00
# Visual Studio Version 17
VisualStudioVersion = 17.9.34616.47
MinimumVisualStudioVersion = 10.0.40219.1
Project("{9A19103F-16F7-4668-BE54-9A1E7A4F7556}") = "InventoryApi", "InventoryApi\InventoryApi.csproj", "{C305D75E-77B4-4C4F-8ABF-6EA8D6F6285A}"
EndProject
Project("{FAE04EC0-301F-11D3-BF4B-00C04F79EFBC}") = "InventoryUi", "InventoryUi\InventoryUi.csproj", "{A79A76C2-72AE-4999-81F1-FB318BC407F0}"
EndProject
Global
	GlobalSection(SolutionConfigurationPlatforms) = preSolution
		Debug|Any CPU = Debug|Any CPU
		Release|Any CPU = Release|Any CPU
	EndGlobalSection
	GlobalSection(ProjectConfigurationPlatforms) = postSolution
		{C305D75E-77B4-4C4F-8ABF-6EA8D6F6285A}.Debug|Any CPU.ActiveCfg = Debug|Any CPU
		{C305D75E-77B4-4C4F-8ABF-6EA8D6F6285A}.Debug|Any CPU.Build.0 = Debug|Any CPU
		{C305D75E-77B4-4C4F-8ABF-6EA8D6F6285A}.Release|Any CPU.ActiveCfg = Release|Any CPU
		{C305D75E-77B4-4C4F-8ABF-6EA8D6F6285A}.Release|Any CPU.Build.0 = Release|Any CPU
		{A79A76C2-72AE-4999-81F1-FB318BC407F0}.Debug|Any CPU.ActiveCfg = Debug|Any CPU
		{A79A76C2-72AE-4999-81F1-FB318BC407F0}.Debug|Any CPU.Build.0 = Debug|Any CPU
		{A79A76C2-72AE-4999-81F1-FB318BC407F0}.Release|Any CPU.ActiveCfg = Release|Any CPU
		{A79A76C2-72AE-4999-81F1-FB318BC407F0}.Release|Any CPU.Build.0 = Release|Any CPU
	EndGlobalSection
	GlobalSection(SolutionProperties) = preSolution
		HideSolutionNode = FALSE
	EndGlobalSection
	GlobalSection(ExtensibilityGlobals) = postSolution
		SolutionGuid = {D99ADD3B-CA3A-4875-AC15-A8E345B3BAE9}
	EndGlobalSection
EndGlobal
